// !$*UTF8*$!
{
	archiveVersion = 1;
	classes = {
	};
	objectVersion = 48;
	objects = {

/* Begin PBXBuildFile section */
		39F6BFF81FC8363A00D90828 /* AppDelegate.swift in Sources */ = {isa = PBXBuildFile; fileRef = 39F6BFF71FC8363A00D90828 /* AppDelegate.swift */; };
		39F6BFFA1FC8363A00D90828 /* LoginVC.swift in Sources */ = {isa = PBXBuildFile; fileRef = 39F6BFF91FC8363A00D90828 /* LoginVC.swift */; };
		39F6BFFD1FC8363A00D90828 /* Main.storyboard in Resources */ = {isa = PBXBuildFile; fileRef = 39F6BFFB1FC8363A00D90828 /* Main.storyboard */; };
		39F6BFFF1FC8363A00D90828 /* Assets.xcassets in Resources */ = {isa = PBXBuildFile; fileRef = 39F6BFFE1FC8363A00D90828 /* Assets.xcassets */; };
		39F6C0021FC8363A00D90828 /* LaunchScreen.storyboard in Resources */ = {isa = PBXBuildFile; fileRef = 39F6C0001FC8363A00D90828 /* LaunchScreen.storyboard */; };
		39F6C00C1FC845ED00D90828 /* NetworkQueries.swift in Sources */ = {isa = PBXBuildFile; fileRef = 39F6C00B1FC845ED00D90828 /* NetworkQueries.swift */; };
		39F6C00F1FC846B300D90828 /* GitHubUser.swift in Sources */ = {isa = PBXBuildFile; fileRef = 39F6C00E1FC846B300D90828 /* GitHubUser.swift */; };
		39F6C0121FC86E4C00D90828 /* Notifier.swift in Sources */ = {isa = PBXBuildFile; fileRef = 39F6C0111FC86E4C00D90828 /* Notifier.swift */; };
		39F6C0171FC8799300D90828 /* ProfileTVC.swift in Sources */ = {isa = PBXBuildFile; fileRef = 39F6C0161FC8799300D90828 /* ProfileTVC.swift */; };
		39F6C0191FC8B39100D90828 /* ImageViewExtension.swift in Sources */ = {isa = PBXBuildFile; fileRef = 39F6C0181FC8B39100D90828 /* ImageViewExtension.swift */; };
		39F6C01E1FC91EEE00D90828 /* GitUserRepos.swift in Sources */ = {isa = PBXBuildFile; fileRef = 39F6C01D1FC91EEE00D90828 /* GitUserRepos.swift */; };
		39F6C0201FC9359600D90828 /* RepoDetailsCell.swift in Sources */ = {isa = PBXBuildFile; fileRef = 39F6C01F1FC9359600D90828 /* RepoDetailsCell.swift */; };
		39F6C0231FC9C53C00D90828 /* HeaderViewCell.swift in Sources */ = {isa = PBXBuildFile; fileRef = 39F6C0211FC9C53C00D90828 /* HeaderViewCell.swift */; };
		39F6C0241FC9C53C00D90828 /* HeaderViewCell.xib in Resources */ = {isa = PBXBuildFile; fileRef = 39F6C0221FC9C53C00D90828 /* HeaderViewCell.xib */; };
		39F6C04B1FC9E46500D90828 /* Git-it.xcdatamodeld in Sources */ = {isa = PBXBuildFile; fileRef = 39F6C0491FC9E46500D90828 /* Git-it.xcdatamodeld */; };
		39F6C04E1FC9E7EF00D90828 /* CoreDataDA.swift in Sources */ = {isa = PBXBuildFile; fileRef = 39F6C04D1FC9E7EF00D90828 /* CoreDataDA.swift */; };
		39F6C0561FCA1AAC00D90828 /* ShareViewController.swift in Sources */ = {isa = PBXBuildFile; fileRef = 39F6C0551FCA1AAC00D90828 /* ShareViewController.swift */; };
		39F6C0591FCA1AAC00D90828 /* MainInterface.storyboard in Resources */ = {isa = PBXBuildFile; fileRef = 39F6C0571FCA1AAC00D90828 /* MainInterface.storyboard */; };
		39F6C05D1FCA1AAC00D90828 /* LinkShareExtension.appex in Embed App Extensions */ = {isa = PBXBuildFile; fileRef = 39F6C0531FCA1AAC00D90828 /* LinkShareExtension.appex */; settings = {ATTRIBUTES = (RemoveHeadersOnCopy, ); }; };
		39F6C0641FCA234200D90828 /* Reachability.swift in Sources */ = {isa = PBXBuildFile; fileRef = 39F6C0631FCA234200D90828 /* Reachability.swift */; };
/* End PBXBuildFile section */

/* Begin PBXContainerItemProxy section */
		39F6C05B1FCA1AAC00D90828 /* PBXContainerItemProxy */ = {
			isa = PBXContainerItemProxy;
			containerPortal = 39F6BFEC1FC8363A00D90828 /* Project object */;
			proxyType = 1;
			remoteGlobalIDString = 39F6C0521FCA1AAC00D90828;
			remoteInfo = LinkShareExtension;
		};
/* End PBXContainerItemProxy section */

/* Begin PBXCopyFilesBuildPhase section */
		39F6C0611FCA1AAC00D90828 /* Embed App Extensions */ = {
			isa = PBXCopyFilesBuildPhase;
			buildActionMask = 2147483647;
			dstPath = "";
			dstSubfolderSpec = 13;
			files = (
				39F6C05D1FCA1AAC00D90828 /* LinkShareExtension.appex in Embed App Extensions */,
			);
			name = "Embed App Extensions";
			runOnlyForDeploymentPostprocessing = 0;
		};
/* End PBXCopyFilesBuildPhase section */

/* Begin PBXFileReference section */
		39F6BFF41FC8363A00D90828 /* Git-it.app */ = {isa = PBXFileReference; explicitFileType = wrapper.application; includeInIndex = 0; path = "Git-it.app"; sourceTree = BUILT_PRODUCTS_DIR; };
		39F6BFF71FC8363A00D90828 /* AppDelegate.swift */ = {isa = PBXFileReference; lastKnownFileType = sourcecode.swift; path = AppDelegate.swift; sourceTree = "<group>"; };
		39F6BFF91FC8363A00D90828 /* LoginVC.swift */ = {isa = PBXFileReference; lastKnownFileType = sourcecode.swift; path = LoginVC.swift; sourceTree = "<group>"; };
		39F6BFFC1FC8363A00D90828 /* Base */ = {isa = PBXFileReference; lastKnownFileType = file.storyboard; name = Base; path = Base.lproj/Main.storyboard; sourceTree = "<group>"; };
		39F6BFFE1FC8363A00D90828 /* Assets.xcassets */ = {isa = PBXFileReference; lastKnownFileType = folder.assetcatalog; path = Assets.xcassets; sourceTree = "<group>"; };
		39F6C0011FC8363A00D90828 /* Base */ = {isa = PBXFileReference; lastKnownFileType = file.storyboard; name = Base; path = Base.lproj/LaunchScreen.storyboard; sourceTree = "<group>"; };
		39F6C0031FC8363A00D90828 /* Info.plist */ = {isa = PBXFileReference; lastKnownFileType = text.plist.xml; path = Info.plist; sourceTree = "<group>"; };
		39F6C00B1FC845ED00D90828 /* NetworkQueries.swift */ = {isa = PBXFileReference; lastKnownFileType = sourcecode.swift; path = NetworkQueries.swift; sourceTree = "<group>"; };
		39F6C00E1FC846B300D90828 /* GitHubUser.swift */ = {isa = PBXFileReference; lastKnownFileType = sourcecode.swift; path = GitHubUser.swift; sourceTree = "<group>"; };
		39F6C0111FC86E4C00D90828 /* Notifier.swift */ = {isa = PBXFileReference; lastKnownFileType = sourcecode.swift; path = Notifier.swift; sourceTree = "<group>"; };
		39F6C0161FC8799300D90828 /* ProfileTVC.swift */ = {isa = PBXFileReference; lastKnownFileType = sourcecode.swift; path = ProfileTVC.swift; sourceTree = "<group>"; };
		39F6C0181FC8B39100D90828 /* ImageViewExtension.swift */ = {isa = PBXFileReference; lastKnownFileType = sourcecode.swift; path = ImageViewExtension.swift; sourceTree = "<group>"; };
		39F6C01D1FC91EEE00D90828 /* GitUserRepos.swift */ = {isa = PBXFileReference; lastKnownFileType = sourcecode.swift; path = GitUserRepos.swift; sourceTree = "<group>"; };
		39F6C01F1FC9359600D90828 /* RepoDetailsCell.swift */ = {isa = PBXFileReference; lastKnownFileType = sourcecode.swift; path = RepoDetailsCell.swift; sourceTree = "<group>"; };
		39F6C0211FC9C53C00D90828 /* HeaderViewCell.swift */ = {isa = PBXFileReference; lastKnownFileType = sourcecode.swift; path = HeaderViewCell.swift; sourceTree = "<group>"; };
		39F6C0221FC9C53C00D90828 /* HeaderViewCell.xib */ = {isa = PBXFileReference; lastKnownFileType = file.xib; path = HeaderViewCell.xib; sourceTree = "<group>"; };
		39F6C04A1FC9E46500D90828 /* Git-it.xcdatamodel */ = {isa = PBXFileReference; lastKnownFileType = wrapper.xcdatamodel; path = "Git-it.xcdatamodel"; sourceTree = "<group>"; };
		39F6C04D1FC9E7EF00D90828 /* CoreDataDA.swift */ = {isa = PBXFileReference; lastKnownFileType = sourcecode.swift; path = CoreDataDA.swift; sourceTree = "<group>"; };
		39F6C0531FCA1AAC00D90828 /* LinkShareExtension.appex */ = {isa = PBXFileReference; explicitFileType = "wrapper.app-extension"; includeInIndex = 0; path = LinkShareExtension.appex; sourceTree = BUILT_PRODUCTS_DIR; };
		39F6C0551FCA1AAC00D90828 /* ShareViewController.swift */ = {isa = PBXFileReference; lastKnownFileType = sourcecode.swift; path = ShareViewController.swift; sourceTree = "<group>"; };
		39F6C0581FCA1AAC00D90828 /* Base */ = {isa = PBXFileReference; lastKnownFileType = file.storyboard; name = Base; path = Base.lproj/MainInterface.storyboard; sourceTree = "<group>"; };
		39F6C05A1FCA1AAC00D90828 /* Info.plist */ = {isa = PBXFileReference; lastKnownFileType = text.plist.xml; path = Info.plist; sourceTree = "<group>"; };
		39F6C0621FCA1B8C00D90828 /* LinkShareExtension.entitlements */ = {isa = PBXFileReference; lastKnownFileType = text.plist.entitlements; path = LinkShareExtension.entitlements; sourceTree = "<group>"; };
		39F6C0631FCA234200D90828 /* Reachability.swift */ = {isa = PBXFileReference; fileEncoding = 4; lastKnownFileType = sourcecode.swift; path = Reachability.swift; sourceTree = "<group>"; };
/* End PBXFileReference section */

/* Begin PBXFrameworksBuildPhase section */
		39F6BFF11FC8363A00D90828 /* Frameworks */ = {
			isa = PBXFrameworksBuildPhase;
			buildActionMask = 2147483647;
			files = (
			);
			runOnlyForDeploymentPostprocessing = 0;
		};
		39F6C0501FCA1AAC00D90828 /* Frameworks */ = {
			isa = PBXFrameworksBuildPhase;
			buildActionMask = 2147483647;
			files = (
			);
			runOnlyForDeploymentPostprocessing = 0;
		};
/* End PBXFrameworksBuildPhase section */

/* Begin PBXGroup section */
		39F6BFEB1FC8363A00D90828 = {
			isa = PBXGroup;
			children = (
				39F6BFF61FC8363A00D90828 /* Git-it */,
				39F6C0541FCA1AAC00D90828 /* LinkShareExtension */,
				39F6BFF51FC8363A00D90828 /* Products */,
			);
			sourceTree = "<group>";
		};
		39F6BFF51FC8363A00D90828 /* Products */ = {
			isa = PBXGroup;
			children = (
				39F6BFF41FC8363A00D90828 /* Git-it.app */,
				39F6C0531FCA1AAC00D90828 /* LinkShareExtension.appex */,
			);
			name = Products;
			sourceTree = "<group>";
		};
		39F6BFF61FC8363A00D90828 /* Git-it */ = {
			isa = PBXGroup;
			children = (
				39F6C04C1FC9E7D300D90828 /* DataAccess */,
				39F6C01A1FC8B44F00D90828 /* Views */,
				39F6C0131FC8712600D90828 /* ViewControllers */,
				39F6C0101FC86E3000D90828 /* Utils */,
				39F6C00D1FC8468600D90828 /* Model */,
				39F6C00A1FC845B800D90828 /* Networking */,
				39F6C0091FC8365300D90828 /* Supporting Files */,
				39F6C0491FC9E46500D90828 /* Git-it.xcdatamodeld */,
			);
			path = "Git-it";
			sourceTree = "<group>";
		};
		39F6C0091FC8365300D90828 /* Supporting Files */ = {
			isa = PBXGroup;
			children = (
				39F6BFF71FC8363A00D90828 /* AppDelegate.swift */,
				39F6BFFB1FC8363A00D90828 /* Main.storyboard */,
				39F6BFFE1FC8363A00D90828 /* Assets.xcassets */,
				39F6C0001FC8363A00D90828 /* LaunchScreen.storyboard */,
				39F6C0031FC8363A00D90828 /* Info.plist */,
			);
			path = "Supporting Files";
			sourceTree = "<group>";
		};
		39F6C00A1FC845B800D90828 /* Networking */ = {
			isa = PBXGroup;
			children = (
				39F6C0631FCA234200D90828 /* Reachability.swift */,
				39F6C00B1FC845ED00D90828 /* NetworkQueries.swift */,
			);
			path = Networking;
			sourceTree = "<group>";
		};
		39F6C00D1FC8468600D90828 /* Model */ = {
			isa = PBXGroup;
			children = (
				39F6C00E1FC846B300D90828 /* GitHubUser.swift */,
				39F6C01D1FC91EEE00D90828 /* GitUserRepos.swift */,
			);
			path = Model;
			sourceTree = "<group>";
		};
		39F6C0101FC86E3000D90828 /* Utils */ = {
			isa = PBXGroup;
			children = (
				39F6C0111FC86E4C00D90828 /* Notifier.swift */,
				39F6C0181FC8B39100D90828 /* ImageViewExtension.swift */,
			);
			path = Utils;
			sourceTree = "<group>";
		};
		39F6C0131FC8712600D90828 /* ViewControllers */ = {
			isa = PBXGroup;
			children = (
				39F6BFF91FC8363A00D90828 /* LoginVC.swift */,
				39F6C0161FC8799300D90828 /* ProfileTVC.swift */,
			);
			path = ViewControllers;
			sourceTree = "<group>";
		};
		39F6C01A1FC8B44F00D90828 /* Views */ = {
			isa = PBXGroup;
			children = (
				39F6C01F1FC9359600D90828 /* RepoDetailsCell.swift */,
				39F6C0211FC9C53C00D90828 /* HeaderViewCell.swift */,
				39F6C0221FC9C53C00D90828 /* HeaderViewCell.xib */,
			);
			path = Views;
			sourceTree = "<group>";
		};
		39F6C04C1FC9E7D300D90828 /* DataAccess */ = {
			isa = PBXGroup;
			children = (
				39F6C04D1FC9E7EF00D90828 /* CoreDataDA.swift */,
			);
			path = DataAccess;
			sourceTree = "<group>";
		};
		39F6C0541FCA1AAC00D90828 /* LinkShareExtension */ = {
			isa = PBXGroup;
			children = (
				39F6C0621FCA1B8C00D90828 /* LinkShareExtension.entitlements */,
				39F6C0551FCA1AAC00D90828 /* ShareViewController.swift */,
				39F6C0571FCA1AAC00D90828 /* MainInterface.storyboard */,
				39F6C05A1FCA1AAC00D90828 /* Info.plist */,
			);
			path = LinkShareExtension;
			sourceTree = "<group>";
		};
/* End PBXGroup section */

/* Begin PBXNativeTarget section */
		39F6BFF31FC8363A00D90828 /* Git-it */ = {
			isa = PBXNativeTarget;
			buildConfigurationList = 39F6C0061FC8363A00D90828 /* Build configuration list for PBXNativeTarget "Git-it" */;
			buildPhases = (
				39F6BFF01FC8363A00D90828 /* Sources */,
				39F6BFF11FC8363A00D90828 /* Frameworks */,
				39F6BFF21FC8363A00D90828 /* Resources */,
				39F6C0611FCA1AAC00D90828 /* Embed App Extensions */,
			);
			buildRules = (
			);
			dependencies = (
				39F6C05C1FCA1AAC00D90828 /* PBXTargetDependency */,
			);
			name = "Git-it";
			productName = "Git-it";
			productReference = 39F6BFF41FC8363A00D90828 /* Git-it.app */;
			productType = "com.apple.product-type.application";
		};
		39F6C0521FCA1AAC00D90828 /* LinkShareExtension */ = {
			isa = PBXNativeTarget;
			buildConfigurationList = 39F6C05E1FCA1AAC00D90828 /* Build configuration list for PBXNativeTarget "LinkShareExtension" */;
			buildPhases = (
				39F6C04F1FCA1AAC00D90828 /* Sources */,
				39F6C0501FCA1AAC00D90828 /* Frameworks */,
				39F6C0511FCA1AAC00D90828 /* Resources */,
			);
			buildRules = (
			);
			dependencies = (
			);
			name = LinkShareExtension;
			productName = LinkShareExtension;
			productReference = 39F6C0531FCA1AAC00D90828 /* LinkShareExtension.appex */;
			productType = "com.apple.product-type.app-extension";
		};
/* End PBXNativeTarget section */

/* Begin PBXProject section */
		39F6BFEC1FC8363A00D90828 /* Project object */ = {
			isa = PBXProject;
			attributes = {
				LastSwiftUpdateCheck = 0910;
				LastUpgradeCheck = 0910;
				ORGANIZATIONNAME = "Sayantan Chakraborty";
				TargetAttributes = {
					39F6BFF31FC8363A00D90828 = {
						CreatedOnToolsVersion = 9.1;
						ProvisioningStyle = Automatic;
					};
					39F6C0521FCA1AAC00D90828 = {
						CreatedOnToolsVersion = 9.1;
						ProvisioningStyle = Automatic;
						SystemCapabilities = {
							com.apple.ApplicationGroups.iOS = {
								enabled = 0;
							};
						};
					};
				};
			};
			buildConfigurationList = 39F6BFEF1FC8363A00D90828 /* Build configuration list for PBXProject "Git-it" */;
			compatibilityVersion = "Xcode 8.0";
			developmentRegion = en;
			hasScannedForEncodings = 0;
			knownRegions = (
				en,
				Base,
			);
			mainGroup = 39F6BFEB1FC8363A00D90828;
			productRefGroup = 39F6BFF51FC8363A00D90828 /* Products */;
			projectDirPath = "";
			projectRoot = "";
			targets = (
				39F6BFF31FC8363A00D90828 /* Git-it */,
				39F6C0521FCA1AAC00D90828 /* LinkShareExtension */,
			);
		};
/* End PBXProject section */

/* Begin PBXResourcesBuildPhase section */
		39F6BFF21FC8363A00D90828 /* Resources */ = {
			isa = PBXResourcesBuildPhase;
			buildActionMask = 2147483647;
			files = (
				39F6C0021FC8363A00D90828 /* LaunchScreen.storyboard in Resources */,
				39F6BFFF1FC8363A00D90828 /* Assets.xcassets in Resources */,
				39F6BFFD1FC8363A00D90828 /* Main.storyboard in Resources */,
				39F6C0241FC9C53C00D90828 /* HeaderViewCell.xib in Resources */,
			);
			runOnlyForDeploymentPostprocessing = 0;
		};
		39F6C0511FCA1AAC00D90828 /* Resources */ = {
			isa = PBXResourcesBuildPhase;
			buildActionMask = 2147483647;
			files = (
				39F6C0591FCA1AAC00D90828 /* MainInterface.storyboard in Resources */,
			);
			runOnlyForDeploymentPostprocessing = 0;
		};
/* End PBXResourcesBuildPhase section */

/* Begin PBXSourcesBuildPhase section */
		39F6BFF01FC8363A00D90828 /* Sources */ = {
			isa = PBXSourcesBuildPhase;
			buildActionMask = 2147483647;
			files = (
				39F6C0201FC9359600D90828 /* RepoDetailsCell.swift in Sources */,
				39F6C0121FC86E4C00D90828 /* Notifier.swift in Sources */,
				39F6C0231FC9C53C00D90828 /* HeaderViewCell.swift in Sources */,
				39F6C04E1FC9E7EF00D90828 /* CoreDataDA.swift in Sources */,
				39F6C0191FC8B39100D90828 /* ImageViewExtension.swift in Sources */,
				39F6BFFA1FC8363A00D90828 /* LoginVC.swift in Sources */,
				39F6C00F1FC846B300D90828 /* GitHubUser.swift in Sources */,
				39F6C01E1FC91EEE00D90828 /* GitUserRepos.swift in Sources */,
				39F6C04B1FC9E46500D90828 /* Git-it.xcdatamodeld in Sources */,
				39F6C0171FC8799300D90828 /* ProfileTVC.swift in Sources */,
				39F6BFF81FC8363A00D90828 /* AppDelegate.swift in Sources */,
				39F6C00C1FC845ED00D90828 /* NetworkQueries.swift in Sources */,
				39F6C0641FCA234200D90828 /* Reachability.swift in Sources */,
			);
			runOnlyForDeploymentPostprocessing = 0;
		};
		39F6C04F1FCA1AAC00D90828 /* Sources */ = {
			isa = PBXSourcesBuildPhase;
			buildActionMask = 2147483647;
			files = (
				39F6C0561FCA1AAC00D90828 /* ShareViewController.swift in Sources */,
			);
			runOnlyForDeploymentPostprocessing = 0;
		};
/* End PBXSourcesBuildPhase section */

/* Begin PBXTargetDependency section */
		39F6C05C1FCA1AAC00D90828 /* PBXTargetDependency */ = {
			isa = PBXTargetDependency;
			target = 39F6C0521FCA1AAC00D90828 /* LinkShareExtension */;
			targetProxy = 39F6C05B1FCA1AAC00D90828 /* PBXContainerItemProxy */;
		};
/* End PBXTargetDependency section */

/* Begin PBXVariantGroup section */
		39F6BFFB1FC8363A00D90828 /* Main.storyboard */ = {
			isa = PBXVariantGroup;
			children = (
				39F6BFFC1FC8363A00D90828 /* Base */,
			);
			name = Main.storyboard;
			sourceTree = "<group>";
		};
		39F6C0001FC8363A00D90828 /* LaunchScreen.storyboard */ = {
			isa = PBXVariantGroup;
			children = (
				39F6C0011FC8363A00D90828 /* Base */,
			);
			name = LaunchScreen.storyboard;
			sourceTree = "<group>";
		};
		39F6C0571FCA1AAC00D90828 /* MainInterface.storyboard */ = {
			isa = PBXVariantGroup;
			children = (
				39F6C0581FCA1AAC00D90828 /* Base */,
			);
			name = MainInterface.storyboard;
			sourceTree = "<group>";
		};
/* End PBXVariantGroup section */

/* Begin XCBuildConfiguration section */
		39F6C0041FC8363A00D90828 /* Debug */ = {
			isa = XCBuildConfiguration;
			buildSettings = {
				ALWAYS_SEARCH_USER_PATHS = NO;
				CLANG_ANALYZER_NONNULL = YES;
				CLANG_ANALYZER_NUMBER_OBJECT_CONVERSION = YES_AGGRESSIVE;
				CLANG_CXX_LANGUAGE_STANDARD = "gnu++14";
				CLANG_CXX_LIBRARY = "libc++";
				CLANG_ENABLE_MODULES = YES;
				CLANG_ENABLE_OBJC_ARC = YES;
				CLANG_WARN_BLOCK_CAPTURE_AUTORELEASING = YES;
				CLANG_WARN_BOOL_CONVERSION = YES;
				CLANG_WARN_COMMA = YES;
				CLANG_WARN_CONSTANT_CONVERSION = YES;
				CLANG_WARN_DIRECT_OBJC_ISA_USAGE = YES_ERROR;
				CLANG_WARN_DOCUMENTATION_COMMENTS = YES;
				CLANG_WARN_EMPTY_BODY = YES;
				CLANG_WARN_ENUM_CONVERSION = YES;
				CLANG_WARN_INFINITE_RECURSION = YES;
				CLANG_WARN_INT_CONVERSION = YES;
				CLANG_WARN_NON_LITERAL_NULL_CONVERSION = YES;
				CLANG_WARN_OBJC_LITERAL_CONVERSION = YES;
				CLANG_WARN_OBJC_ROOT_CLASS = YES_ERROR;
				CLANG_WARN_RANGE_LOOP_ANALYSIS = YES;
				CLANG_WARN_STRICT_PROTOTYPES = YES;
				CLANG_WARN_SUSPICIOUS_MOVE = YES;
				CLANG_WARN_UNGUARDED_AVAILABILITY = YES_AGGRESSIVE;
				CLANG_WARN_UNREACHABLE_CODE = YES;
				CLANG_WARN__DUPLICATE_METHOD_MATCH = YES;
				CODE_SIGN_IDENTITY = "iPhone Developer";
				COPY_PHASE_STRIP = NO;
				DEBUG_INFORMATION_FORMAT = dwarf;
				ENABLE_STRICT_OBJC_MSGSEND = YES;
				ENABLE_TESTABILITY = YES;
				GCC_C_LANGUAGE_STANDARD = gnu11;
				GCC_DYNAMIC_NO_PIC = NO;
				GCC_NO_COMMON_BLOCKS = YES;
				GCC_OPTIMIZATION_LEVEL = 0;
				GCC_PREPROCESSOR_DEFINITIONS = (
					"DEBUG=1",
					"$(inherited)",
				);
				GCC_WARN_64_TO_32_BIT_CONVERSION = YES;
				GCC_WARN_ABOUT_RETURN_TYPE = YES_ERROR;
				GCC_WARN_UNDECLARED_SELECTOR = YES;
				GCC_WARN_UNINITIALIZED_AUTOS = YES_AGGRESSIVE;
				GCC_WARN_UNUSED_FUNCTION = YES;
				GCC_WARN_UNUSED_VARIABLE = YES;
				IPHONEOS_DEPLOYMENT_TARGET = 11.1;
				MTL_ENABLE_DEBUG_INFO = YES;
				ONLY_ACTIVE_ARCH = YES;
				SDKROOT = iphoneos;
				SWIFT_ACTIVE_COMPILATION_CONDITIONS = DEBUG;
				SWIFT_OPTIMIZATION_LEVEL = "-Onone";
			};
			name = Debug;
		};
		39F6C0051FC8363A00D90828 /* Release */ = {
			isa = XCBuildConfiguration;
			buildSettings = {
				ALWAYS_SEARCH_USER_PATHS = NO;
				CLANG_ANALYZER_NONNULL = YES;
				CLANG_ANALYZER_NUMBER_OBJECT_CONVERSION = YES_AGGRESSIVE;
				CLANG_CXX_LANGUAGE_STANDARD = "gnu++14";
				CLANG_CXX_LIBRARY = "libc++";
				CLANG_ENABLE_MODULES = YES;
				CLANG_ENABLE_OBJC_ARC = YES;
				CLANG_WARN_BLOCK_CAPTURE_AUTORELEASING = YES;
				CLANG_WARN_BOOL_CONVERSION = YES;
				CLANG_WARN_COMMA = YES;
				CLANG_WARN_CONSTANT_CONVERSION = YES;
				CLANG_WARN_DIRECT_OBJC_ISA_USAGE = YES_ERROR;
				CLANG_WARN_DOCUMENTATION_COMMENTS = YES;
				CLANG_WARN_EMPTY_BODY = YES;
				CLANG_WARN_ENUM_CONVERSION = YES;
				CLANG_WARN_INFINITE_RECURSION = YES;
				CLANG_WARN_INT_CONVERSION = YES;
				CLANG_WARN_NON_LITERAL_NULL_CONVERSION = YES;
				CLANG_WARN_OBJC_LITERAL_CONVERSION = YES;
				CLANG_WARN_OBJC_ROOT_CLASS = YES_ERROR;
				CLANG_WARN_RANGE_LOOP_ANALYSIS = YES;
				CLANG_WARN_STRICT_PROTOTYPES = YES;
				CLANG_WARN_SUSPICIOUS_MOVE = YES;
				CLANG_WARN_UNGUARDED_AVAILABILITY = YES_AGGRESSIVE;
				CLANG_WARN_UNREACHABLE_CODE = YES;
				CLANG_WARN__DUPLICATE_METHOD_MATCH = YES;
				CODE_SIGN_IDENTITY = "iPhone Developer";
				COPY_PHASE_STRIP = NO;
				DEBUG_INFORMATION_FORMAT = "dwarf-with-dsym";
				ENABLE_NS_ASSERTIONS = NO;
				ENABLE_STRICT_OBJC_MSGSEND = YES;
				GCC_C_LANGUAGE_STANDARD = gnu11;
				GCC_NO_COMMON_BLOCKS = YES;
				GCC_WARN_64_TO_32_BIT_CONVERSION = YES;
				GCC_WARN_ABOUT_RETURN_TYPE = YES_ERROR;
				GCC_WARN_UNDECLARED_SELECTOR = YES;
				GCC_WARN_UNINITIALIZED_AUTOS = YES_AGGRESSIVE;
				GCC_WARN_UNUSED_FUNCTION = YES;
				GCC_WARN_UNUSED_VARIABLE = YES;
				IPHONEOS_DEPLOYMENT_TARGET = 11.1;
				MTL_ENABLE_DEBUG_INFO = NO;
				SDKROOT = iphoneos;
				SWIFT_OPTIMIZATION_LEVEL = "-Owholemodule";
				VALIDATE_PRODUCT = YES;
			};
			name = Release;
		};
		39F6C0071FC8363A00D90828 /* Debug */ = {
			isa = XCBuildConfiguration;
			buildSettings = {
				ALWAYS_EMBED_SWIFT_STANDARD_LIBRARIES = YES;
				ASSETCATALOG_COMPILER_APPICON_NAME = AppIcon;
				CODE_SIGN_STYLE = Automatic;
				DEVELOPMENT_TEAM = YT5L554J64;
				INFOPLIST_FILE = "$(SRCROOT)/Git-it/Supporting Files/Info.plist";
				IPHONEOS_DEPLOYMENT_TARGET = 10.0;
				LD_RUNPATH_SEARCH_PATHS = "$(inherited) @executable_path/Frameworks";
				PRODUCT_BUNDLE_IDENTIFIER = "com.sayantanchakraborty.Git-it";
				PRODUCT_NAME = "$(TARGET_NAME)";
				SWIFT_VERSION = 4.0;
				TARGETED_DEVICE_FAMILY = "1,2";
			};
			name = Debug;
		};
		39F6C0081FC8363A00D90828 /* Release */ = {
			isa = XCBuildConfiguration;
			buildSettings = {
				ALWAYS_EMBED_SWIFT_STANDARD_LIBRARIES = YES;
				ASSETCATALOG_COMPILER_APPICON_NAME = AppIcon;
				CODE_SIGN_STYLE = Automatic;
				DEVELOPMENT_TEAM = YT5L554J64;
				INFOPLIST_FILE = "$(SRCROOT)/Git-it/Supporting Files/Info.plist";
				IPHONEOS_DEPLOYMENT_TARGET = 10.0;
				LD_RUNPATH_SEARCH_PATHS = "$(inherited) @executable_path/Frameworks";
				PRODUCT_BUNDLE_IDENTIFIER = "com.sayantanchakraborty.Git-it";
				PRODUCT_NAME = "$(TARGET_NAME)";
				SWIFT_VERSION = 4.0;
				TARGETED_DEVICE_FAMILY = "1,2";
			};
			name = Release;
		};
		39F6C05F1FCA1AAC00D90828 /* Debug */ = {
			isa = XCBuildConfiguration;
			buildSettings = {
				CODE_SIGN_STYLE = Automatic;
				DEVELOPMENT_TEAM = YT5L554J64;
				INFOPLIST_FILE = LinkShareExtension/Info.plist;
				LD_RUNPATH_SEARCH_PATHS = "$(inherited) @executable_path/Frameworks @executable_path/../../Frameworks";
				PRODUCT_BUNDLE_IDENTIFIER = "com.sayantanchakraborty.Git-it.LinkShareExtension";
				PRODUCT_NAME = "$(TARGET_NAME)";
				SKIP_INSTALL = YES;
				SWIFT_VERSION = 4.0;
				TARGETED_DEVICE_FAMILY = "1,2";
			};
			name = Debug;
		};
		39F6C0601FCA1AAC00D90828 /* Release */ = {
			isa = XCBuildConfiguration;
			buildSettings = {
				CODE_SIGN_STYLE = Automatic;
				DEVELOPMENT_TEAM = YT5L554J64;
				INFOPLIST_FILE = LinkShareExtension/Info.plist;
				LD_RUNPATH_SEARCH_PATHS = "$(inherited) @executable_path/Frameworks @executable_path/../../Frameworks";
				PRODUCT_BUNDLE_IDENTIFIER = "com.sayantanchakraborty.Git-it.LinkShareExtension";
				PRODUCT_NAME = "$(TARGET_NAME)";
				SKIP_INSTALL = YES;
				SWIFT_VERSION = 4.0;
				TARGETED_DEVICE_FAMILY = "1,2";
			};
			name = Release;
		};
/* End XCBuildConfiguration section */

/* Begin XCConfigurationList section */
		39F6BFEF1FC8363A00D90828 /* Build configuration list for PBXProject "Git-it" */ = {
			isa = XCConfigurationList;
			buildConfigurations = (
				39F6C0041FC8363A00D90828 /* Debug */,
				39F6C0051FC8363A00D90828 /* Release */,
			);
			defaultConfigurationIsVisible = 0;
			defaultConfigurationName = Release;
		};
		39F6C0061FC8363A00D90828 /* Build configuration list for PBXNativeTarget "Git-it" */ = {
			isa = XCConfigurationList;
			buildConfigurations = (
				39F6C0071FC8363A00D90828 /* Debug */,
				39F6C0081FC8363A00D90828 /* Release */,
			);
			defaultConfigurationIsVisible = 0;
			defaultConfigurationName = Release;
		};
		39F6C05E1FCA1AAC00D90828 /* Build configuration list for PBXNativeTarget "LinkShareExtension" */ = {
			isa = XCConfigurationList;
			buildConfigurations = (
				39F6C05F1FCA1AAC00D90828 /* Debug */,
				39F6C0601FCA1AAC00D90828 /* Release */,
			);
			defaultConfigurationIsVisible = 0;
			defaultConfigurationName = Release;
		};
/* End XCConfigurationList section */

/* Begin XCVersionGroup section */
		39F6C0491FC9E46500D90828 /* Git-it.xcdatamodeld */ = {
			isa = XCVersionGroup;
			children = (
				39F6C04A1FC9E46500D90828 /* Git-it.xcdatamodel */,
			);
			currentVersion = 39F6C04A1FC9E46500D90828 /* Git-it.xcdatamodel */;
			path = "Git-it.xcdatamodeld";
			sourceTree = "<group>";
			versionGroupType = wrapper.xcdatamodel;
		};
/* End XCVersionGroup section */
	};
	rootObject = 39F6BFEC1FC8363A00D90828 /* Project object */;
}
